
Microsoft Visual Studio Solution File, Format Version 12.00
# Visual Studio 15
VisualStudioVersion = 15.0.28307.168
MinimumVisualStudioVersion = 10.0.40219.1
Project("{9A19103F-16F7-4668-BE54-9A1E7A4F7556}") = "TrainingRooms", "TrainingRooms\TrainingRooms.csproj", "{B17CCFBB-000A-4766-9D6C-FAD0729F0838}"
EndProject
Project("{FAE04EC0-301F-11D3-BF4B-00C04F79EFBC}") = "trainingrooms.droid", "trainingrooms.droid\trainingrooms.droid.csproj", "{3BC0AC7E-3B3B-4D3F-9CC0-B2BDECC460A6}"
EndProject
Project("{FAE04EC0-301F-11D3-BF4B-00C04F79EFBC}") = "trainingrooms.ios", "trainingrooms.ios\trainingrooms.ios.csproj", "{101E3060-8799-4119-8A7A-4F86A01C0C84}"
EndProject
Project("{FAE04EC0-301F-11D3-BF4B-00C04F79EFBC}") = "TrainingRoomsUWP", "TrainingRoomsUWP\TrainingRoomsUWP.csproj", "{30A624AE-30DF-4018-81A1-46EE1E2D18F6}"
EndProject
Global
	GlobalSection(SolutionConfigurationPlatforms) = preSolution
		Debug|Any CPU = Debug|Any CPU
		Debug|ARM = Debug|ARM
		Debug|ARM64 = Debug|ARM64
		Debug|iPhone = Debug|iPhone
		Debug|iPhoneSimulator = Debug|iPhoneSimulator
		Debug|x64 = Debug|x64
		Debug|x86 = Debug|x86
		Release|Any CPU = Release|Any CPU
		Release|ARM = Release|ARM
		Release|ARM64 = Release|ARM64
		Release|iPhone = Release|iPhone
		Release|iPhoneSimulator = Release|iPhoneSimulator
		Release|x64 = Release|x64
		Release|x86 = Release|x86
	EndGlobalSection
	GlobalSection(ProjectConfigurationPlatforms) = postSolution
		{B17CCFBB-000A-4766-9D6C-FAD0729F0838}.Debug|Any CPU.ActiveCfg = Debug|Any CPU
		{B17CCFBB-000A-4766-9D6C-FAD0729F0838}.Debug|Any CPU.Build.0 = Debug|Any CPU
		{B17CCFBB-000A-4766-9D6C-FAD0729F0838}.Debug|ARM.ActiveCfg = Debug|Any CPU
		{B17CCFBB-000A-4766-9D6C-FAD0729F0838}.Debug|ARM.Build.0 = Debug|Any CPU
		{B17CCFBB-000A-4766-9D6C-FAD0729F0838}.Debug|ARM64.ActiveCfg = Debug|Any CPU
		{B17CCFBB-000A-4766-9D6C-FAD0729F0838}.Debug|ARM64.Build.0 = Debug|Any CPU
		{B17CCFBB-000A-4766-9D6C-FAD0729F0838}.Debug|iPhone.ActiveCfg = Debug|Any CPU
		{B17CCFBB-000A-4766-9D6C-FAD0729F0838}.Debug|iPhone.Build.0 = Debug|Any CPU
		{B17CCFBB-000A-4766-9D6C-FAD0729F0838}.Debug|iPhoneSimulator.ActiveCfg = Debug|Any CPU
		{B17CCFBB-000A-4766-9D6C-FAD0729F0838}.Debug|iPhoneSimulator.Build.0 = Debug|Any CPU
		{B17CCFBB-000A-4766-9D6C-FAD0729F0838}.Debug|x64.ActiveCfg = Debug|Any CPU
		{B17CCFBB-000A-4766-9D6C-FAD0729F0838}.Debug|x64.Build.0 = Debug|Any CPU
		{B17CCFBB-000A-4766-9D6C-FAD0729F0838}.Debug|x86.ActiveCfg = Debug|Any CPU
		{B17CCFBB-000A-4766-9D6C-FAD0729F0838}.Debug|x86.Build.0 = Debug|Any CPU
		{B17CCFBB-000A-4766-9D6C-FAD0729F0838}.Release|Any CPU.ActiveCfg = Release|Any CPU
		{B17CCFBB-000A-4766-9D6C-FAD0729F0838}.Release|Any CPU.Build.0 = Release|Any CPU
		{B17CCFBB-000A-4766-9D6C-FAD0729F0838}.Release|ARM.ActiveCfg = Release|Any CPU
		{B17CCFBB-000A-4766-9D6C-FAD0729F0838}.Release|ARM.Build.0 = Release|Any CPU
		{B17CCFBB-000A-4766-9D6C-FAD0729F0838}.Release|ARM64.ActiveCfg = Release|Any CPU
		{B17CCFBB-000A-4766-9D6C-FAD0729F0838}.Release|ARM64.Build.0 = Release|Any CPU
		{B17CCFBB-000A-4766-9D6C-FAD0729F0838}.Release|iPhone.ActiveCfg = Release|Any CPU
		{B17CCFBB-000A-4766-9D6C-FAD0729F0838}.Release|iPhone.Build.0 = Release|Any CPU
		{B17CCFBB-000A-4766-9D6C-FAD0729F0838}.Release|iPhoneSimulator.ActiveCfg = Release|Any CPU
		{B17CCFBB-000A-4766-9D6C-FAD0729F0838}.Release|iPhoneSimulator.Build.0 = Release|Any CPU
		{B17CCFBB-000A-4766-9D6C-FAD0729F0838}.Release|x64.ActiveCfg = Release|Any CPU
		{B17CCFBB-000A-4766-9D6C-FAD0729F0838}.Release|x64.Build.0 = Release|Any CPU
		{B17CCFBB-000A-4766-9D6C-FAD0729F0838}.Release|x86.ActiveCfg = Release|Any CPU
		{B17CCFBB-000A-4766-9D6C-FAD0729F0838}.Release|x86.Build.0 = Release|Any CPU
		{3BC0AC7E-3B3B-4D3F-9CC0-B2BDECC460A6}.Debug|Any CPU.ActiveCfg = Debug|Any CPU
		{3BC0AC7E-3B3B-4D3F-9CC0-B2BDECC460A6}.Debug|Any CPU.Build.0 = Debug|Any CPU
		{3BC0AC7E-3B3B-4D3F-9CC0-B2BDECC460A6}.Debug|Any CPU.Deploy.0 = Debug|Any CPU
		{3BC0AC7E-3B3B-4D3F-9CC0-B2BDECC460A6}.Debug|ARM.ActiveCfg = Debug|Any CPU
		{3BC0AC7E-3B3B-4D3F-9CC0-B2BDECC460A6}.Debug|ARM.Build.0 = Debug|Any CPU
		{3BC0AC7E-3B3B-4D3F-9CC0-B2BDECC460A6}.Debug|ARM.Deploy.0 = Debug|Any CPU
		{3BC0AC7E-3B3B-4D3F-9CC0-B2BDECC460A6}.Debug|ARM64.ActiveCfg = Debug|Any CPU
		{3BC0AC7E-3B3B-4D3F-9CC0-B2BDECC460A6}.Debug|ARM64.Build.0 = Debug|Any CPU
		{3BC0AC7E-3B3B-4D3F-9CC0-B2BDECC460A6}.Debug|ARM64.Deploy.0 = Debug|Any CPU
		{3BC0AC7E-3B3B-4D3F-9CC0-B2BDECC460A6}.Debug|iPhone.ActiveCfg = Debug|Any CPU
		{3BC0AC7E-3B3B-4D3F-9CC0-B2BDECC460A6}.Debug|iPhone.Build.0 = Debug|Any CPU
		{3BC0AC7E-3B3B-4D3F-9CC0-B2BDECC460A6}.Debug|iPhone.Deploy.0 = Debug|Any CPU
		{3BC0AC7E-3B3B-4D3F-9CC0-B2BDECC460A6}.Debug|iPhoneSimulator.ActiveCfg = Debug|Any CPU
		{3BC0AC7E-3B3B-4D3F-9CC0-B2BDECC460A6}.Debug|iPhoneSimulator.Build.0 = Debug|Any CPU
		{3BC0AC7E-3B3B-4D3F-9CC0-B2BDECC460A6}.Debug|iPhoneSimulator.Deploy.0 = Debug|Any CPU
		{3BC0AC7E-3B3B-4D3F-9CC0-B2BDECC460A6}.Debug|x64.ActiveCfg = Debug|Any CPU
		{3BC0AC7E-3B3B-4D3F-9CC0-B2BDECC460A6}.Debug|x64.Build.0 = Debug|Any CPU
		{3BC0AC7E-3B3B-4D3F-9CC0-B2BDECC460A6}.Debug|x64.Deploy.0 = Debug|Any CPU
		{3BC0AC7E-3B3B-4D3F-9CC0-B2BDECC460A6}.Debug|x86.ActiveCfg = Debug|Any CPU
		{3BC0AC7E-3B3B-4D3F-9CC0-B2BDECC460A6}.Debug|x86.Build.0 = Debug|Any CPU
		{3BC0AC7E-3B3B-4D3F-9CC0-B2BDECC460A6}.Debug|x86.Deploy.0 = Debug|Any CPU
		{3BC0AC7E-3B3B-4D3F-9CC0-B2BDECC460A6}.Release|Any CPU.ActiveCfg = Release|Any CPU
		{3BC0AC7E-3B3B-4D3F-9CC0-B2BDECC460A6}.Release|Any CPU.Build.0 = Release|Any CPU
		{3BC0AC7E-3B3B-4D3F-9CC0-B2BDECC460A6}.Release|Any CPU.Deploy.0 = Release|Any CPU
		{3BC0AC7E-3B3B-4D3F-9CC0-B2BDECC460A6}.Release|ARM.ActiveCfg = Release|Any CPU
		{3BC0AC7E-3B3B-4D3F-9CC0-B2BDECC460A6}.Release|ARM.Build.0 = Release|Any CPU
		{3BC0AC7E-3B3B-4D3F-9CC0-B2BDECC460A6}.Release|ARM.Deploy.0 = Release|Any CPU
		{3BC0AC7E-3B3B-4D3F-9CC0-B2BDECC460A6}.Release|ARM64.ActiveCfg = Release|Any CPU
		{3BC0AC7E-3B3B-4D3F-9CC0-B2BDECC460A6}.Release|ARM64.Build.0 = Release|Any CPU
		{3BC0AC7E-3B3B-4D3F-9CC0-B2BDECC460A6}.Release|ARM64.Deploy.0 = Release|Any CPU
		{3BC0AC7E-3B3B-4D3F-9CC0-B2BDECC460A6}.Release|iPhone.ActiveCfg = Release|Any CPU
		{3BC0AC7E-3B3B-4D3F-9CC0-B2BDECC460A6}.Release|iPhone.Build.0 = Release|Any CPU
		{3BC0AC7E-3B3B-4D3F-9CC0-B2BDECC460A6}.Release|iPhone.Deploy.0 = Release|Any CPU
		{3BC0AC7E-3B3B-4D3F-9CC0-B2BDECC460A6}.Release|iPhoneSimulator.ActiveCfg = Release|Any CPU
		{3BC0AC7E-3B3B-4D3F-9CC0-B2BDECC460A6}.Release|iPhoneSimulator.Build.0 = Release|Any CPU
		{3BC0AC7E-3B3B-4D3F-9CC0-B2BDECC460A6}.Release|iPhoneSimulator.Deploy.0 = Release|Any CPU
		{3BC0AC7E-3B3B-4D3F-9CC0-B2BDECC460A6}.Release|x64.ActiveCfg = Release|Any CPU
		{3BC0AC7E-3B3B-4D3F-9CC0-B2BDECC460A6}.Release|x64.Build.0 = Release|Any CPU
		{3BC0AC7E-3B3B-4D3F-9CC0-B2BDECC460A6}.Release|x64.Deploy.0 = Release|Any CPU
		{3BC0AC7E-3B3B-4D3F-9CC0-B2BDECC460A6}.Release|x86.ActiveCfg = Release|Any CPU
		{3BC0AC7E-3B3B-4D3F-9CC0-B2BDECC460A6}.Release|x86.Build.0 = Release|Any CPU
		{3BC0AC7E-3B3B-4D3F-9CC0-B2BDECC460A6}.Release|x86.Deploy.0 = Release|Any CPU
		{101E3060-8799-4119-8A7A-4F86A01C0C84}.Debug|Any CPU.ActiveCfg = Debug|iPhone
		{101E3060-8799-4119-8A7A-4F86A01C0C84}.Debug|ARM.ActiveCfg = Debug|iPhone
		{101E3060-8799-4119-8A7A-4F86A01C0C84}.Debug|ARM64.ActiveCfg = Debug|iPhone
		{101E3060-8799-4119-8A7A-4F86A01C0C84}.Debug|iPhone.ActiveCfg = Debug|iPhone
		{101E3060-8799-4119-8A7A-4F86A01C0C84}.Debug|iPhone.Build.0 = Debug|iPhone
		{101E3060-8799-4119-8A7A-4F86A01C0C84}.Debug|iPhoneSimulator.ActiveCfg = Debug|iPhoneSimulator
		{101E3060-8799-4119-8A7A-4F86A01C0C84}.Debug|iPhoneSimulator.Build.0 = Debug|iPhoneSimulator
		{101E3060-8799-4119-8A7A-4F86A01C0C84}.Debug|x64.ActiveCfg = Debug|iPhone
		{101E3060-8799-4119-8A7A-4F86A01C0C84}.Debug|x86.ActiveCfg = Debug|iPhone
		{101E3060-8799-4119-8A7A-4F86A01C0C84}.Release|Any CPU.ActiveCfg = Release|iPhone
		{101E3060-8799-4119-8A7A-4F86A01C0C84}.Release|ARM.ActiveCfg = Release|iPhone
		{101E3060-8799-4119-8A7A-4F86A01C0C84}.Release|ARM64.ActiveCfg = Release|iPhone
		{101E3060-8799-4119-8A7A-4F86A01C0C84}.Release|iPhone.ActiveCfg = Release|iPhone
		{101E3060-8799-4119-8A7A-4F86A01C0C84}.Release|iPhone.Build.0 = Release|iPhone
		{101E3060-8799-4119-8A7A-4F86A01C0C84}.Release|iPhoneSimulator.ActiveCfg = Release|iPhoneSimulator
		{101E3060-8799-4119-8A7A-4F86A01C0C84}.Release|iPhoneSimulator.Build.0 = Release|iPhoneSimulator
		{101E3060-8799-4119-8A7A-4F86A01C0C84}.Release|x64.ActiveCfg = Release|iPhone
		{101E3060-8799-4119-8A7A-4F86A01C0C84}.Release|x86.ActiveCfg = Release|iPhone
		{30A624AE-30DF-4018-81A1-46EE1E2D18F6}.Debug|Any CPU.ActiveCfg = Debug|x86
		{30A624AE-30DF-4018-81A1-46EE1E2D18F6}.Debug|ARM.ActiveCfg = Debug|ARM
		{30A624AE-30DF-4018-81A1-46EE1E2D18F6}.Debug|ARM.Build.0 = Debug|ARM
		{30A624AE-30DF-4018-81A1-46EE1E2D18F6}.Debug|ARM.Deploy.0 = Debug|ARM
		{30A624AE-30DF-4018-81A1-46EE1E2D18F6}.Debug|ARM64.ActiveCfg = Debug|ARM64
		{30A624AE-30DF-4018-81A1-46EE1E2D18F6}.Debug|ARM64.Build.0 = Debug|ARM64
		{30A624AE-30DF-4018-81A1-46EE1E2D18F6}.Debug|ARM64.Deploy.0 = Debug|ARM64
		{30A624AE-30DF-4018-81A1-46EE1E2D18F6}.Debug|iPhone.ActiveCfg = Debug|x86
		{30A624AE-30DF-4018-81A1-46EE1E2D18F6}.Debug|iPhoneSimulator.ActiveCfg = Debug|x86
		{30A624AE-30DF-4018-81A1-46EE1E2D18F6}.Debug|x64.ActiveCfg = Debug|x64
		{30A624AE-30DF-4018-81A1-46EE1E2D18F6}.Debug|x64.Build.0 = Debug|x64
		{30A624AE-30DF-4018-81A1-46EE1E2D18F6}.Debug|x64.Deploy.0 = Debug|x64
		{30A624AE-30DF-4018-81A1-46EE1E2D18F6}.Debug|x86.ActiveCfg = Debug|x86
		{30A624AE-30DF-4018-81A1-46EE1E2D18F6}.Debug|x86.Build.0 = Debug|x86
		{30A624AE-30DF-4018-81A1-46EE1E2D18F6}.Debug|x86.Deploy.0 = Debug|x86
		{30A624AE-30DF-4018-81A1-46EE1E2D18F6}.Release|Any CPU.ActiveCfg = Release|x86
		{30A624AE-30DF-4018-81A1-46EE1E2D18F6}.Release|ARM.ActiveCfg = Release|ARM
		{30A624AE-30DF-4018-81A1-46EE1E2D18F6}.Release|ARM.Build.0 = Release|ARM
		{30A624AE-30DF-4018-81A1-46EE1E2D18F6}.Release|ARM.Deploy.0 = Release|ARM
		{30A624AE-30DF-4018-81A1-46EE1E2D18F6}.Release|ARM64.ActiveCfg = Release|ARM64
		{30A624AE-30DF-4018-81A1-46EE1E2D18F6}.Release|ARM64.Build.0 = Release|ARM64
		{30A624AE-30DF-4018-81A1-46EE1E2D18F6}.Release|ARM64.Deploy.0 = Release|ARM64
		{30A624AE-30DF-4018-81A1-46EE1E2D18F6}.Release|iPhone.ActiveCfg = Release|x86
		{30A624AE-30DF-4018-81A1-46EE1E2D18F6}.Release|iPhoneSimulator.ActiveCfg = Release|x86
		{30A624AE-30DF-4018-81A1-46EE1E2D18F6}.Release|x64.ActiveCfg = Release|x64
		{30A624AE-30DF-4018-81A1-46EE1E2D18F6}.Release|x64.Build.0 = Release|x64
		{30A624AE-30DF-4018-81A1-46EE1E2D18F6}.Release|x64.Deploy.0 = Release|x64
		{30A624AE-30DF-4018-81A1-46EE1E2D18F6}.Release|x86.ActiveCfg = Release|x86
		{30A624AE-30DF-4018-81A1-46EE1E2D18F6}.Release|x86.Build.0 = Release|x86
		{30A624AE-30DF-4018-81A1-46EE1E2D18F6}.Release|x86.Deploy.0 = Release|x86
	EndGlobalSection
	GlobalSection(SolutionProperties) = preSolution
		HideSolutionNode = FALSE
	EndGlobalSection
	GlobalSection(ExtensibilityGlobals) = postSolution
		SolutionGuid = {10A41AE5-429B-42BF-8B87-C0A9671830D3}
	EndGlobalSection
EndGlobal
